
Microsoft Visual Studio Solution File, Format Version 12.00
# Visual Studio Version 16
VisualStudioVersion = 16.0.31624.102
MinimumVisualStudioVersion = 10.0.40219.1
Project("{FAE04EC0-301F-11D3-BF4B-00C04F79EFBC}") = "Shop", "Shop\Shop.csproj", "{12E9D5FB-9BA0-4AD8-A224-3AC913DFD420}"
EndProject
Global
	GlobalSection(SolutionConfigurationPlatforms) = preSolution
		Debug|Any CPU = Debug|Any CPU
		Release|Any CPU = Release|Any CPU
	EndGlobalSection
	GlobalSection(ProjectConfigurationPlatforms) = postSolution
		{12E9D5FB-9BA0-4AD8-A224-3AC913DFD420}.Debug|Any CPU.ActiveCfg = Debug|Any CPU
		{12E9D5FB-9BA0-4AD8-A224-3AC913DFD420}.Debug|Any CPU.Build.0 = Debug|Any CPU
		{12E9D5FB-9BA0-4AD8-A224-3AC913DFD420}.Release|Any CPU.ActiveCfg = Release|Any CPU
		{12E9D5FB-9BA0-4AD8-A224-3AC913DFD420}.Release|Any CPU.Build.0 = Release|Any CPU
	EndGlobalSection
	GlobalSection(SolutionProperties) = preSolution
		HideSolutionNode = FALSE
	EndGlobalSection
	GlobalSection(ExtensibilityGlobals) = postSolution
		SolutionGuid = {F2153F46-786C-434B-B10D-DE2028DC54C4}
	EndGlobalSection
EndGlobal
