
Microsoft Visual Studio Solution File, Format Version 12.00
# Visual Studio Version 16
VisualStudioVersion = 16.0.31624.102
MinimumVisualStudioVersion = 10.0.40219.1
Project("{FAE04EC0-301F-11D3-BF4B-00C04F79EFBC}") = "ProjectCSharps", "ProjectCSharps\ProjectCSharps.csproj", "{7211BD76-D137-446A-9C4C-5812F41890F1}"
EndProject
Global
	GlobalSection(SolutionConfigurationPlatforms) = preSolution
		Debug|Any CPU = Debug|Any CPU
		Release|Any CPU = Release|Any CPU
	EndGlobalSection
	GlobalSection(ProjectConfigurationPlatforms) = postSolution
		{7211BD76-D137-446A-9C4C-5812F41890F1}.Debug|Any CPU.ActiveCfg = Debug|Any CPU
		{7211BD76-D137-446A-9C4C-5812F41890F1}.Debug|Any CPU.Build.0 = Debug|Any CPU
		{7211BD76-D137-446A-9C4C-5812F41890F1}.Release|Any CPU.ActiveCfg = Release|Any CPU
		{7211BD76-D137-446A-9C4C-5812F41890F1}.Release|Any CPU.Build.0 = Release|Any CPU
	EndGlobalSection
	GlobalSection(SolutionProperties) = preSolution
		HideSolutionNode = FALSE
	EndGlobalSection
	GlobalSection(ExtensibilityGlobals) = postSolution
		SolutionGuid = {F2153F46-786C-434B-B10D-DE2028DC54C4}
	EndGlobalSection
EndGlobal
